// !$*UTF8*$!
{
	archiveVersion = 1;
	classes = {
	};
	objectVersion = 56;
	objects = {

/* Begin PBXBuildFile section */
		44214DDC2B26C9DF000DAA0A /* LabServices.storyboard in Resources */ = {isa = PBXBuildFile; fileRef = 44214DDA2B26C9DF000DAA0A /* LabServices.storyboard */; };
		44214DE02B26CA4D000DAA0A /* LabBookingTableViewCell.swift in Sources */ = {isa = PBXBuildFile; fileRef = 44214DDE2B26CA4D000DAA0A /* LabBookingTableViewCell.swift */; };
		44214DE12B26CA4D000DAA0A /* LabHistoryTableViewController.swift in Sources */ = {isa = PBXBuildFile; fileRef = 44214DDF2B26CA4D000DAA0A /* LabHistoryTableViewController.swift */; };
		442AB0FE2B27195E00C05BA6 /* Persistence.swift in Sources */ = {isa = PBXBuildFile; fileRef = 442AB0FD2B27195E00C05BA6 /* Persistence.swift */; };
		443BA9F32B20338300794C5A /* AppData.swift in Sources */ = {isa = PBXBuildFile; fileRef = 443BA9F22B20338300794C5A /* AppData.swift */; };
		443CD4312B26CCF300A26971 /* Main.storyboard in Resources */ = {isa = PBXBuildFile; fileRef = 44214DE62B26CCE1000DAA0A /* Main.storyboard */; };
		443CD4322B26CCF500A26971 /* LaunchScreen.storyboard in Resources */ = {isa = PBXBuildFile; fileRef = 443CD4302B26CCEE00A26971 /* LaunchScreen.storyboard */; };
		443CD4362B26CE8900A26971 /* LabBooking.storyboard in Resources */ = {isa = PBXBuildFile; fileRef = 443CD4352B26CE8900A26971 /* LabBooking.storyboard */; };
		443CD4382B26D2A100A26971 /* PatientSettings.storyboard in Resources */ = {isa = PBXBuildFile; fileRef = 443CD4372B26D2A100A26971 /* PatientSettings.storyboard */; };
		443CD43A2B26D2DD00A26971 /* PatientHome.storyboard in Resources */ = {isa = PBXBuildFile; fileRef = 443CD4392B26D2DD00A26971 /* PatientHome.storyboard */; };
		443CE4BC2B1DAD8B0024D74B /* AdminViewTableViewCell.swift in Sources */ = {isa = PBXBuildFile; fileRef = 443CE4BB2B1DAD8B0024D74B /* AdminViewTableViewCell.swift */; };
		4461122F2B1D90C7002F815C /* LoginViewController.swift in Sources */ = {isa = PBXBuildFile; fileRef = 4461122E2B1D90C7002F815C /* LoginViewController.swift */; };
		446112312B1D99CF002F815C /* MedicalService.swift in Sources */ = {isa = PBXBuildFile; fileRef = 446112302B1D99CF002F815C /* MedicalService.swift */; };
		446112332B1D9B5B002F815C /* Category.swift in Sources */ = {isa = PBXBuildFile; fileRef = 446112322B1D9B5B002F815C /* Category.swift */; };
		446112352B1DABB0002F815C /* AdminViewTableViewController.swift in Sources */ = {isa = PBXBuildFile; fileRef = 446112342B1DABB0002F815C /* AdminViewTableViewController.swift */; };
		446C06722B1C92DB006A6A5E /* User.swift in Sources */ = {isa = PBXBuildFile; fileRef = 446C06712B1C92DB006A6A5E /* User.swift */; };
		446C06742B1C92E3006A6A5E /* Patient.swift in Sources */ = {isa = PBXBuildFile; fileRef = 446C06732B1C92E3006A6A5E /* Patient.swift */; };
		446C06762B1C92EE006A6A5E /* Test.swift in Sources */ = {isa = PBXBuildFile; fileRef = 446C06752B1C92EE006A6A5E /* Test.swift */; };
		446C06782B1C92F3006A6A5E /* Package.swift in Sources */ = {isa = PBXBuildFile; fileRef = 446C06772B1C92F3006A6A5E /* Package.swift */; };
		446C067A2B1C9302006A6A5E /* Booking.swift in Sources */ = {isa = PBXBuildFile; fileRef = 446C06792B1C9302006A6A5E /* Booking.swift */; };
		446C067C2B1C930D006A6A5E /* MedicalFacility.swift in Sources */ = {isa = PBXBuildFile; fileRef = 446C067B2B1C930D006A6A5E /* MedicalFacility.swift */; };
		446C067E2B1C9528006A6A5E /* enums.swift in Sources */ = {isa = PBXBuildFile; fileRef = 446C067D2B1C9528006A6A5E /* enums.swift */; };
		448FF7202B15F90200B3CA1D /* AppDelegate.swift in Sources */ = {isa = PBXBuildFile; fileRef = 448FF71F2B15F90200B3CA1D /* AppDelegate.swift */; };
		448FF7222B15F90200B3CA1D /* SceneDelegate.swift in Sources */ = {isa = PBXBuildFile; fileRef = 448FF7212B15F90200B3CA1D /* SceneDelegate.swift */; };
		448FF7292B15F90400B3CA1D /* Assets.xcassets in Resources */ = {isa = PBXBuildFile; fileRef = 448FF7282B15F90400B3CA1D /* Assets.xcassets */; };
		448FF7392B16049500B3CA1D /* Admin.storyboard in Resources */ = {isa = PBXBuildFile; fileRef = 448FF7382B16049500B3CA1D /* Admin.storyboard */; };
		448FF73D2B1604A600B3CA1D /* PatientBookings.storyboard in Resources */ = {isa = PBXBuildFile; fileRef = 448FF73C2B1604A600B3CA1D /* PatientBookings.storyboard */; };
		44F198D72B1DE2B400EDEA0B /* Colors.xcassets in Resources */ = {isa = PBXBuildFile; fileRef = 44F198D62B1DE2B400EDEA0B /* Colors.xcassets */; };
		F2F60A1C2B27186A005B74C6 /* SettingsTableViewController.swift in Sources */ = {isa = PBXBuildFile; fileRef = F2F60A1B2B27186A005B74C6 /* SettingsTableViewController.swift */; };
		F2F60A1E2B271CD0005B74C6 /* LabBookingInfoTableViewController.swift in Sources */ = {isa = PBXBuildFile; fileRef = F2F60A1D2B271CD0005B74C6 /* LabBookingInfoTableViewController.swift */; };
		F2F60A222B27A83D005B74C6 /* PatientInfoTableViewCell.swift in Sources */ = {isa = PBXBuildFile; fileRef = F2F60A212B27A83D005B74C6 /* PatientInfoTableViewCell.swift */; };
/* End PBXBuildFile section */

/* Begin PBXFileReference section */
		44214DDA2B26C9DF000DAA0A /* LabServices.storyboard */ = {isa = PBXFileReference; fileEncoding = 4; lastKnownFileType = file.storyboard; path = LabServices.storyboard; sourceTree = "<group>"; };
		44214DDE2B26CA4D000DAA0A /* LabBookingTableViewCell.swift */ = {isa = PBXFileReference; fileEncoding = 4; lastKnownFileType = sourcecode.swift; name = LabBookingTableViewCell.swift; path = Mokhtabri/Controllers/LabBookingTableViewCell.swift; sourceTree = SOURCE_ROOT; };
		44214DDF2B26CA4D000DAA0A /* LabHistoryTableViewController.swift */ = {isa = PBXFileReference; fileEncoding = 4; lastKnownFileType = sourcecode.swift; name = LabHistoryTableViewController.swift; path = Mokhtabri/Controllers/LabHistoryTableViewController.swift; sourceTree = SOURCE_ROOT; };
		44214DE62B26CCE1000DAA0A /* Main.storyboard */ = {isa = PBXFileReference; lastKnownFileType = file.storyboard; path = Main.storyboard; sourceTree = "<group>"; };
		442AB0FD2B27195E00C05BA6 /* Persistence.swift */ = {isa = PBXFileReference; lastKnownFileType = sourcecode.swift; path = Persistence.swift; sourceTree = "<group>"; };
		443BA9F22B20338300794C5A /* AppData.swift */ = {isa = PBXFileReference; lastKnownFileType = sourcecode.swift; path = AppData.swift; sourceTree = "<group>"; };
		443CD4302B26CCEE00A26971 /* LaunchScreen.storyboard */ = {isa = PBXFileReference; lastKnownFileType = file.storyboard; path = LaunchScreen.storyboard; sourceTree = "<group>"; };
		443CD4352B26CE8900A26971 /* LabBooking.storyboard */ = {isa = PBXFileReference; fileEncoding = 4; lastKnownFileType = file.storyboard; path = LabBooking.storyboard; sourceTree = "<group>"; };
		443CD4372B26D2A100A26971 /* PatientSettings.storyboard */ = {isa = PBXFileReference; fileEncoding = 4; lastKnownFileType = file.storyboard; path = PatientSettings.storyboard; sourceTree = "<group>"; };
		443CD4392B26D2DD00A26971 /* PatientHome.storyboard */ = {isa = PBXFileReference; fileEncoding = 4; lastKnownFileType = file.storyboard; path = PatientHome.storyboard; sourceTree = "<group>"; };
		443CE4BB2B1DAD8B0024D74B /* AdminViewTableViewCell.swift */ = {isa = PBXFileReference; lastKnownFileType = sourcecode.swift; path = AdminViewTableViewCell.swift; sourceTree = "<group>"; };
		4461122E2B1D90C7002F815C /* LoginViewController.swift */ = {isa = PBXFileReference; lastKnownFileType = sourcecode.swift; path = LoginViewController.swift; sourceTree = "<group>"; };
		446112302B1D99CF002F815C /* MedicalService.swift */ = {isa = PBXFileReference; lastKnownFileType = sourcecode.swift; path = MedicalService.swift; sourceTree = "<group>"; };
		446112322B1D9B5B002F815C /* Category.swift */ = {isa = PBXFileReference; lastKnownFileType = sourcecode.swift; path = Category.swift; sourceTree = "<group>"; };
		446112342B1DABB0002F815C /* AdminViewTableViewController.swift */ = {isa = PBXFileReference; lastKnownFileType = sourcecode.swift; path = AdminViewTableViewController.swift; sourceTree = "<group>"; };
		446C06712B1C92DB006A6A5E /* User.swift */ = {isa = PBXFileReference; lastKnownFileType = sourcecode.swift; path = User.swift; sourceTree = "<group>"; };
		446C06732B1C92E3006A6A5E /* Patient.swift */ = {isa = PBXFileReference; lastKnownFileType = sourcecode.swift; path = Patient.swift; sourceTree = "<group>"; };
		446C06752B1C92EE006A6A5E /* Test.swift */ = {isa = PBXFileReference; lastKnownFileType = sourcecode.swift; path = Test.swift; sourceTree = "<group>"; };
		446C06772B1C92F3006A6A5E /* Package.swift */ = {isa = PBXFileReference; lastKnownFileType = sourcecode.swift; path = Package.swift; sourceTree = "<group>"; };
		446C06792B1C9302006A6A5E /* Booking.swift */ = {isa = PBXFileReference; lastKnownFileType = sourcecode.swift; path = Booking.swift; sourceTree = "<group>"; };
		446C067B2B1C930D006A6A5E /* MedicalFacility.swift */ = {isa = PBXFileReference; lastKnownFileType = sourcecode.swift; path = MedicalFacility.swift; sourceTree = "<group>"; };
		446C067D2B1C9528006A6A5E /* enums.swift */ = {isa = PBXFileReference; lastKnownFileType = sourcecode.swift; path = enums.swift; sourceTree = "<group>"; };
		448FF71C2B15F90200B3CA1D /* Mokhtabri.app */ = {isa = PBXFileReference; explicitFileType = wrapper.application; includeInIndex = 0; path = Mokhtabri.app; sourceTree = BUILT_PRODUCTS_DIR; };
		448FF71F2B15F90200B3CA1D /* AppDelegate.swift */ = {isa = PBXFileReference; lastKnownFileType = sourcecode.swift; path = AppDelegate.swift; sourceTree = "<group>"; };
		448FF7212B15F90200B3CA1D /* SceneDelegate.swift */ = {isa = PBXFileReference; lastKnownFileType = sourcecode.swift; path = SceneDelegate.swift; sourceTree = "<group>"; };
		448FF7282B15F90400B3CA1D /* Assets.xcassets */ = {isa = PBXFileReference; lastKnownFileType = folder.assetcatalog; path = Assets.xcassets; sourceTree = "<group>"; };
		448FF72D2B15F90400B3CA1D /* Info.plist */ = {isa = PBXFileReference; lastKnownFileType = text.plist.xml; path = Info.plist; sourceTree = "<group>"; };
		448FF7382B16049500B3CA1D /* Admin.storyboard */ = {isa = PBXFileReference; lastKnownFileType = file.storyboard; path = Admin.storyboard; sourceTree = "<group>"; };
		448FF73C2B1604A600B3CA1D /* PatientBookings.storyboard */ = {isa = PBXFileReference; lastKnownFileType = file.storyboard; path = PatientBookings.storyboard; sourceTree = "<group>"; };
		44F198D62B1DE2B400EDEA0B /* Colors.xcassets */ = {isa = PBXFileReference; lastKnownFileType = folder.assetcatalog; path = Colors.xcassets; sourceTree = "<group>"; };
		F2F60A1B2B27186A005B74C6 /* SettingsTableViewController.swift */ = {isa = PBXFileReference; lastKnownFileType = sourcecode.swift; path = SettingsTableViewController.swift; sourceTree = "<group>"; };
		F2F60A1D2B271CD0005B74C6 /* LabBookingInfoTableViewController.swift */ = {isa = PBXFileReference; lastKnownFileType = sourcecode.swift; name = LabBookingInfoTableViewController.swift; path = Mokhtabri/Controllers/LabBookingInfoTableViewController.swift; sourceTree = SOURCE_ROOT; };
		F2F60A212B27A83D005B74C6 /* PatientInfoTableViewCell.swift */ = {isa = PBXFileReference; lastKnownFileType = sourcecode.swift; name = PatientInfoTableViewCell.swift; path = Mokhtabri/Views/PatientInfoTableViewCell.swift; sourceTree = SOURCE_ROOT; };
/* End PBXFileReference section */

/* Begin PBXFrameworksBuildPhase section */
		448FF7192B15F90200B3CA1D /* Frameworks */ = {
			isa = PBXFrameworksBuildPhase;
			buildActionMask = 2147483647;
			files = (
			);
			runOnlyForDeploymentPostprocessing = 0;
		};
/* End PBXFrameworksBuildPhase section */

/* Begin PBXGroup section */
		443CE4BD2B1DADFA0024D74B /* Views */ = {
			isa = PBXGroup;
			children = (
				F2F60A212B27A83D005B74C6 /* PatientInfoTableViewCell.swift */,
				443CE4BB2B1DAD8B0024D74B /* AdminViewTableViewCell.swift */,
			);
			path = Views;
			sourceTree = "<group>";
		};
		448FF7132B15F90200B3CA1D = {
			isa = PBXGroup;
			children = (
				448FF71E2B15F90200B3CA1D /* Mokhtabri */,
				448FF71D2B15F90200B3CA1D /* Products */,
			);
			sourceTree = "<group>";
		};
		448FF71D2B15F90200B3CA1D /* Products */ = {
			isa = PBXGroup;
			children = (
				448FF71C2B15F90200B3CA1D /* Mokhtabri.app */,
			);
			name = Products;
			sourceTree = "<group>";
		};
		448FF71E2B15F90200B3CA1D /* Mokhtabri */ = {
			isa = PBXGroup;
			children = (
				443CE4BD2B1DADFA0024D74B /* Views */,
				448FF7372B16043900B3CA1D /* Delegates */,
				448FF7362B16042F00B3CA1D /* Models */,
				448FF7352B16042900B3CA1D /* Helpers */,
				448FF7342B16042100B3CA1D /* Storyboards */,
				448FF7332B16040B00B3CA1D /* Controllers */,
				448FF71F2B15F90200B3CA1D /* AppDelegate.swift */,
				448FF7212B15F90200B3CA1D /* SceneDelegate.swift */,
				448FF7282B15F90400B3CA1D /* Assets.xcassets */,
				448FF72D2B15F90400B3CA1D /* Info.plist */,
			);
			path = Mokhtabri;
			sourceTree = "<group>";
		};
		448FF7332B16040B00B3CA1D /* Controllers */ = {
			isa = PBXGroup;
			children = (
				F2F60A1D2B271CD0005B74C6 /* LabBookingInfoTableViewController.swift */,
				F2F60A1B2B27186A005B74C6 /* SettingsTableViewController.swift */,
				44214DDE2B26CA4D000DAA0A /* LabBookingTableViewCell.swift */,
				44214DDF2B26CA4D000DAA0A /* LabHistoryTableViewController.swift */,
				4461122E2B1D90C7002F815C /* LoginViewController.swift */,
				446112342B1DABB0002F815C /* AdminViewTableViewController.swift */,
			);
			path = Controllers;
			sourceTree = "<group>";
		};
		448FF7342B16042100B3CA1D /* Storyboards */ = {
			isa = PBXGroup;
			children = (
				44214DDA2B26C9DF000DAA0A /* LabServices.storyboard */,
				443CD4302B26CCEE00A26971 /* LaunchScreen.storyboard */,
				44214DE62B26CCE1000DAA0A /* Main.storyboard */,
				443CD4352B26CE8900A26971 /* LabBooking.storyboard */,
				448FF7382B16049500B3CA1D /* Admin.storyboard */,
				448FF73C2B1604A600B3CA1D /* PatientBookings.storyboard */,
				443CD4392B26D2DD00A26971 /* PatientHome.storyboard */,
				443CD4372B26D2A100A26971 /* PatientSettings.storyboard */,
			);
			path = Storyboards;
			sourceTree = "<group>";
		};
		448FF7352B16042900B3CA1D /* Helpers */ = {
			isa = PBXGroup;
			children = (
				443BA9F22B20338300794C5A /* AppData.swift */,
				446C067D2B1C9528006A6A5E /* enums.swift */,
				44F198D62B1DE2B400EDEA0B /* Colors.xcassets */,
				442AB0FD2B27195E00C05BA6 /* Persistence.swift */,
			);
			path = Helpers;
			sourceTree = "<group>";
		};
		448FF7362B16042F00B3CA1D /* Models */ = {
			isa = PBXGroup;
			children = (
				446C06712B1C92DB006A6A5E /* User.swift */,
				446C06732B1C92E3006A6A5E /* Patient.swift */,
				446C06752B1C92EE006A6A5E /* Test.swift */,
				446C06772B1C92F3006A6A5E /* Package.swift */,
				446C06792B1C9302006A6A5E /* Booking.swift */,
				446C067B2B1C930D006A6A5E /* MedicalFacility.swift */,
				446112302B1D99CF002F815C /* MedicalService.swift */,
				446112322B1D9B5B002F815C /* Category.swift */,
			);
			path = Models;
			sourceTree = "<group>";
		};
		448FF7372B16043900B3CA1D /* Delegates */ = {
			isa = PBXGroup;
			children = (
			);
			path = Delegates;
			sourceTree = "<group>";
		};
/* End PBXGroup section */

/* Begin PBXNativeTarget section */
		448FF71B2B15F90200B3CA1D /* Mokhtabri */ = {
			isa = PBXNativeTarget;
			buildConfigurationList = 448FF7302B15F90400B3CA1D /* Build configuration list for PBXNativeTarget "Mokhtabri" */;
			buildPhases = (
				448FF7182B15F90200B3CA1D /* Sources */,
				448FF7192B15F90200B3CA1D /* Frameworks */,
				448FF71A2B15F90200B3CA1D /* Resources */,
			);
			buildRules = (
			);
			dependencies = (
			);
			name = Mokhtabri;
			productName = Mokhtabri;
			productReference = 448FF71C2B15F90200B3CA1D /* Mokhtabri.app */;
			productType = "com.apple.product-type.application";
		};
/* End PBXNativeTarget section */

/* Begin PBXProject section */
		448FF7142B15F90200B3CA1D /* Project object */ = {
			isa = PBXProject;
			attributes = {
				BuildIndependentTargetsInParallel = 1;
				LastSwiftUpdateCheck = 1420;
				LastUpgradeCheck = 1420;
				TargetAttributes = {
					448FF71B2B15F90200B3CA1D = {
						CreatedOnToolsVersion = 14.2;
					};
				};
			};
			buildConfigurationList = 448FF7172B15F90200B3CA1D /* Build configuration list for PBXProject "Mokhtabri" */;
			compatibilityVersion = "Xcode 14.0";
			developmentRegion = en;
			hasScannedForEncodings = 0;
			knownRegions = (
				en,
				Base,
			);
			mainGroup = 448FF7132B15F90200B3CA1D;
			productRefGroup = 448FF71D2B15F90200B3CA1D /* Products */;
			projectDirPath = "";
			projectRoot = "";
			targets = (
				448FF71B2B15F90200B3CA1D /* Mokhtabri */,
			);
		};
/* End PBXProject section */

/* Begin PBXResourcesBuildPhase section */
		448FF71A2B15F90200B3CA1D /* Resources */ = {
			isa = PBXResourcesBuildPhase;
			buildActionMask = 2147483647;
			files = (
				443CD4322B26CCF500A26971 /* LaunchScreen.storyboard in Resources */,
				448FF7392B16049500B3CA1D /* Admin.storyboard in Resources */,
				448FF7292B15F90400B3CA1D /* Assets.xcassets in Resources */,
				443CD4312B26CCF300A26971 /* Main.storyboard in Resources */,
				448FF73D2B1604A600B3CA1D /* PatientBookings.storyboard in Resources */,
				44F198D72B1DE2B400EDEA0B /* Colors.xcassets in Resources */,
				443CD43A2B26D2DD00A26971 /* PatientHome.storyboard in Resources */,
				443CD4382B26D2A100A26971 /* PatientSettings.storyboard in Resources */,
				44214DDC2B26C9DF000DAA0A /* LabServices.storyboard in Resources */,
				443CD4362B26CE8900A26971 /* LabBooking.storyboard in Resources */,
			);
			runOnlyForDeploymentPostprocessing = 0;
		};
/* End PBXResourcesBuildPhase section */

/* Begin PBXSourcesBuildPhase section */
		448FF7182B15F90200B3CA1D /* Sources */ = {
			isa = PBXSourcesBuildPhase;
			buildActionMask = 2147483647;
			files = (
				446C06782B1C92F3006A6A5E /* Package.swift in Sources */,
				448FF7202B15F90200B3CA1D /* AppDelegate.swift in Sources */,
				446C067A2B1C9302006A6A5E /* Booking.swift in Sources */,
				44214DE02B26CA4D000DAA0A /* LabBookingTableViewCell.swift in Sources */,
				446C06742B1C92E3006A6A5E /* Patient.swift in Sources */,
				446C06762B1C92EE006A6A5E /* Test.swift in Sources */,
				446C067C2B1C930D006A6A5E /* MedicalFacility.swift in Sources */,
				448FF7222B15F90200B3CA1D /* SceneDelegate.swift in Sources */,
				F2F60A1C2B27186A005B74C6 /* SettingsTableViewController.swift in Sources */,
				F2F60A222B27A83D005B74C6 /* PatientInfoTableViewCell.swift in Sources */,
				446C067E2B1C9528006A6A5E /* enums.swift in Sources */,
				442AB0FE2B27195E00C05BA6 /* Persistence.swift in Sources */,
				446112352B1DABB0002F815C /* AdminViewTableViewController.swift in Sources */,
				44214DE12B26CA4D000DAA0A /* LabHistoryTableViewController.swift in Sources */,
				4461122F2B1D90C7002F815C /* LoginViewController.swift in Sources */,
				F2F60A1E2B271CD0005B74C6 /* LabBookingInfoTableViewController.swift in Sources */,
				443CE4BC2B1DAD8B0024D74B /* AdminViewTableViewCell.swift in Sources */,
				446112312B1D99CF002F815C /* MedicalService.swift in Sources */,
				446C06722B1C92DB006A6A5E /* User.swift in Sources */,
				446112332B1D9B5B002F815C /* Category.swift in Sources */,
				443BA9F32B20338300794C5A /* AppData.swift in Sources */,
			);
			runOnlyForDeploymentPostprocessing = 0;
		};
/* End PBXSourcesBuildPhase section */

/* Begin XCBuildConfiguration section */
		448FF72E2B15F90400B3CA1D /* Debug */ = {
			isa = XCBuildConfiguration;
			buildSettings = {
				ALWAYS_SEARCH_USER_PATHS = NO;
				CLANG_ANALYZER_NONNULL = YES;
				CLANG_ANALYZER_NUMBER_OBJECT_CONVERSION = YES_AGGRESSIVE;
				CLANG_CXX_LANGUAGE_STANDARD = "gnu++20";
				CLANG_ENABLE_MODULES = YES;
				CLANG_ENABLE_OBJC_ARC = YES;
				CLANG_ENABLE_OBJC_WEAK = YES;
				CLANG_WARN_BLOCK_CAPTURE_AUTORELEASING = YES;
				CLANG_WARN_BOOL_CONVERSION = YES;
				CLANG_WARN_COMMA = YES;
				CLANG_WARN_CONSTANT_CONVERSION = YES;
				CLANG_WARN_DEPRECATED_OBJC_IMPLEMENTATIONS = YES;
				CLANG_WARN_DIRECT_OBJC_ISA_USAGE = YES_ERROR;
				CLANG_WARN_DOCUMENTATION_COMMENTS = YES;
				CLANG_WARN_EMPTY_BODY = YES;
				CLANG_WARN_ENUM_CONVERSION = YES;
				CLANG_WARN_INFINITE_RECURSION = YES;
				CLANG_WARN_INT_CONVERSION = YES;
				CLANG_WARN_NON_LITERAL_NULL_CONVERSION = YES;
				CLANG_WARN_OBJC_IMPLICIT_RETAIN_SELF = YES;
				CLANG_WARN_OBJC_LITERAL_CONVERSION = YES;
				CLANG_WARN_OBJC_ROOT_CLASS = YES_ERROR;
				CLANG_WARN_QUOTED_INCLUDE_IN_FRAMEWORK_HEADER = YES;
				CLANG_WARN_RANGE_LOOP_ANALYSIS = YES;
				CLANG_WARN_STRICT_PROTOTYPES = YES;
				CLANG_WARN_SUSPICIOUS_MOVE = YES;
				CLANG_WARN_UNGUARDED_AVAILABILITY = YES_AGGRESSIVE;
				CLANG_WARN_UNREACHABLE_CODE = YES;
				CLANG_WARN__DUPLICATE_METHOD_MATCH = YES;
				COPY_PHASE_STRIP = NO;
				DEBUG_INFORMATION_FORMAT = dwarf;
				ENABLE_STRICT_OBJC_MSGSEND = YES;
				ENABLE_TESTABILITY = YES;
				GCC_C_LANGUAGE_STANDARD = gnu11;
				GCC_DYNAMIC_NO_PIC = NO;
				GCC_NO_COMMON_BLOCKS = YES;
				GCC_OPTIMIZATION_LEVEL = 0;
				GCC_PREPROCESSOR_DEFINITIONS = (
					"DEBUG=1",
					"$(inherited)",
				);
				GCC_WARN_64_TO_32_BIT_CONVERSION = YES;
				GCC_WARN_ABOUT_RETURN_TYPE = YES_ERROR;
				GCC_WARN_UNDECLARED_SELECTOR = YES;
				GCC_WARN_UNINITIALIZED_AUTOS = YES_AGGRESSIVE;
				GCC_WARN_UNUSED_FUNCTION = YES;
				GCC_WARN_UNUSED_VARIABLE = YES;
				IPHONEOS_DEPLOYMENT_TARGET = 16.2;
				MTL_ENABLE_DEBUG_INFO = INCLUDE_SOURCE;
				MTL_FAST_MATH = YES;
				ONLY_ACTIVE_ARCH = YES;
				SDKROOT = iphoneos;
				SWIFT_ACTIVE_COMPILATION_CONDITIONS = DEBUG;
				SWIFT_OPTIMIZATION_LEVEL = "-Onone";
			};
			name = Debug;
		};
		448FF72F2B15F90400B3CA1D /* Release */ = {
			isa = XCBuildConfiguration;
			buildSettings = {
				ALWAYS_SEARCH_USER_PATHS = NO;
				CLANG_ANALYZER_NONNULL = YES;
				CLANG_ANALYZER_NUMBER_OBJECT_CONVERSION = YES_AGGRESSIVE;
				CLANG_CXX_LANGUAGE_STANDARD = "gnu++20";
				CLANG_ENABLE_MODULES = YES;
				CLANG_ENABLE_OBJC_ARC = YES;
				CLANG_ENABLE_OBJC_WEAK = YES;
				CLANG_WARN_BLOCK_CAPTURE_AUTORELEASING = YES;
				CLANG_WARN_BOOL_CONVERSION = YES;
				CLANG_WARN_COMMA = YES;
				CLANG_WARN_CONSTANT_CONVERSION = YES;
				CLANG_WARN_DEPRECATED_OBJC_IMPLEMENTATIONS = YES;
				CLANG_WARN_DIRECT_OBJC_ISA_USAGE = YES_ERROR;
				CLANG_WARN_DOCUMENTATION_COMMENTS = YES;
				CLANG_WARN_EMPTY_BODY = YES;
				CLANG_WARN_ENUM_CONVERSION = YES;
				CLANG_WARN_INFINITE_RECURSION = YES;
				CLANG_WARN_INT_CONVERSION = YES;
				CLANG_WARN_NON_LITERAL_NULL_CONVERSION = YES;
				CLANG_WARN_OBJC_IMPLICIT_RETAIN_SELF = YES;
				CLANG_WARN_OBJC_LITERAL_CONVERSION = YES;
				CLANG_WARN_OBJC_ROOT_CLASS = YES_ERROR;
				CLANG_WARN_QUOTED_INCLUDE_IN_FRAMEWORK_HEADER = YES;
				CLANG_WARN_RANGE_LOOP_ANALYSIS = YES;
				CLANG_WARN_STRICT_PROTOTYPES = YES;
				CLANG_WARN_SUSPICIOUS_MOVE = YES;
				CLANG_WARN_UNGUARDED_AVAILABILITY = YES_AGGRESSIVE;
				CLANG_WARN_UNREACHABLE_CODE = YES;
				CLANG_WARN__DUPLICATE_METHOD_MATCH = YES;
				COPY_PHASE_STRIP = NO;
				DEBUG_INFORMATION_FORMAT = "dwarf-with-dsym";
				ENABLE_NS_ASSERTIONS = NO;
				ENABLE_STRICT_OBJC_MSGSEND = YES;
				GCC_C_LANGUAGE_STANDARD = gnu11;
				GCC_NO_COMMON_BLOCKS = YES;
				GCC_WARN_64_TO_32_BIT_CONVERSION = YES;
				GCC_WARN_ABOUT_RETURN_TYPE = YES_ERROR;
				GCC_WARN_UNDECLARED_SELECTOR = YES;
				GCC_WARN_UNINITIALIZED_AUTOS = YES_AGGRESSIVE;
				GCC_WARN_UNUSED_FUNCTION = YES;
				GCC_WARN_UNUSED_VARIABLE = YES;
				IPHONEOS_DEPLOYMENT_TARGET = 16.2;
				MTL_ENABLE_DEBUG_INFO = NO;
				MTL_FAST_MATH = YES;
				SDKROOT = iphoneos;
				SWIFT_COMPILATION_MODE = wholemodule;
				SWIFT_OPTIMIZATION_LEVEL = "-O";
				VALIDATE_PRODUCT = YES;
			};
			name = Release;
		};
		448FF7312B15F90400B3CA1D /* Debug */ = {
			isa = XCBuildConfiguration;
			buildSettings = {
				ASSETCATALOG_COMPILER_APPICON_NAME = AppIcon;
				ASSETCATALOG_COMPILER_GLOBAL_ACCENT_COLOR_NAME = AccentColor;
				CODE_SIGN_STYLE = Automatic;
				CURRENT_PROJECT_VERSION = 1;
				GENERATE_INFOPLIST_FILE = YES;
				INFOPLIST_FILE = Mokhtabri/Info.plist;
				INFOPLIST_KEY_UIApplicationSupportsIndirectInputEvents = YES;
				INFOPLIST_KEY_UILaunchStoryboardName = "";
				INFOPLIST_KEY_UIMainStoryboardFile = Main;
				INFOPLIST_KEY_UIStatusBarStyle = "";
				INFOPLIST_KEY_UISupportedInterfaceOrientations_iPad = "UIInterfaceOrientationPortrait UIInterfaceOrientationPortraitUpsideDown UIInterfaceOrientationLandscapeLeft UIInterfaceOrientationLandscapeRight";
				INFOPLIST_KEY_UISupportedInterfaceOrientations_iPhone = "UIInterfaceOrientationPortrait UIInterfaceOrientationLandscapeLeft UIInterfaceOrientationLandscapeRight";
				LD_RUNPATH_SEARCH_PATHS = (
					"$(inherited)",
					"@executable_path/Frameworks",
				);
				MARKETING_VERSION = 1.0;
				PRODUCT_BUNDLE_IDENTIFIER = bh.polytechnic.Mokhtabri;
				PRODUCT_NAME = "$(TARGET_NAME)";
				SWIFT_EMIT_LOC_STRINGS = YES;
				SWIFT_VERSION = 5.0;
				TARGETED_DEVICE_FAMILY = "1,2";
			};
			name = Debug;
		};
		448FF7322B15F90400B3CA1D /* Release */ = {
			isa = XCBuildConfiguration;
			buildSettings = {
				ASSETCATALOG_COMPILER_APPICON_NAME = AppIcon;
				ASSETCATALOG_COMPILER_GLOBAL_ACCENT_COLOR_NAME = AccentColor;
				CODE_SIGN_STYLE = Automatic;
				CURRENT_PROJECT_VERSION = 1;
				GENERATE_INFOPLIST_FILE = YES;
				INFOPLIST_FILE = Mokhtabri/Info.plist;
				INFOPLIST_KEY_UIApplicationSupportsIndirectInputEvents = YES;
				INFOPLIST_KEY_UILaunchStoryboardName = "";
				INFOPLIST_KEY_UIMainStoryboardFile = Main;
				INFOPLIST_KEY_UIStatusBarStyle = "";
				INFOPLIST_KEY_UISupportedInterfaceOrientations_iPad = "UIInterfaceOrientationPortrait UIInterfaceOrientationPortraitUpsideDown UIInterfaceOrientationLandscapeLeft UIInterfaceOrientationLandscapeRight";
				INFOPLIST_KEY_UISupportedInterfaceOrientations_iPhone = "UIInterfaceOrientationPortrait UIInterfaceOrientationLandscapeLeft UIInterfaceOrientationLandscapeRight";
				LD_RUNPATH_SEARCH_PATHS = (
					"$(inherited)",
					"@executable_path/Frameworks",
				);
				MARKETING_VERSION = 1.0;
				PRODUCT_BUNDLE_IDENTIFIER = bh.polytechnic.Mokhtabri;
				PRODUCT_NAME = "$(TARGET_NAME)";
				SWIFT_EMIT_LOC_STRINGS = YES;
				SWIFT_VERSION = 5.0;
				TARGETED_DEVICE_FAMILY = "1,2";
			};
			name = Release;
		};
/* End XCBuildConfiguration section */

/* Begin XCConfigurationList section */
		448FF7172B15F90200B3CA1D /* Build configuration list for PBXProject "Mokhtabri" */ = {
			isa = XCConfigurationList;
			buildConfigurations = (
				448FF72E2B15F90400B3CA1D /* Debug */,
				448FF72F2B15F90400B3CA1D /* Release */,
			);
			defaultConfigurationIsVisible = 0;
			defaultConfigurationName = Release;
		};
		448FF7302B15F90400B3CA1D /* Build configuration list for PBXNativeTarget "Mokhtabri" */ = {
			isa = XCConfigurationList;
			buildConfigurations = (
				448FF7312B15F90400B3CA1D /* Debug */,
				448FF7322B15F90400B3CA1D /* Release */,
			);
			defaultConfigurationIsVisible = 0;
			defaultConfigurationName = Release;
		};
/* End XCConfigurationList section */
	};
	rootObject = 448FF7142B15F90200B3CA1D /* Project object */;
}
